
Microsoft Visual Studio Solution File, Format Version 12.00
# Visual Studio 2012
Project("{FAE04EC0-301F-11D3-BF4B-00C04F79EFBC}") = "TweetField", "TweetField\TweetField.csproj", "{5736E4D9-1BA8-471D-9963-837BAB8230D8}"
EndProject
Global
	GlobalSection(SolutionConfigurationPlatforms) = preSolution
		Debug|Any CPU = Debug|Any CPU
		Release|Any CPU = Release|Any CPU
	EndGlobalSection
	GlobalSection(ProjectConfigurationPlatforms) = postSolution
		{5736E4D9-1BA8-471D-9963-837BAB8230D8}.Debug|Any CPU.ActiveCfg = Debug|Any CPU
		{5736E4D9-1BA8-471D-9963-837BAB8230D8}.Debug|Any CPU.Build.0 = Debug|Any CPU
		{5736E4D9-1BA8-471D-9963-837BAB8230D8}.Release|Any CPU.ActiveCfg = Release|Any CPU
		{5736E4D9-1BA8-471D-9963-837BAB8230D8}.Release|Any CPU.Build.0 = Release|Any CPU
	EndGlobalSection
	GlobalSection(SolutionProperties) = preSolution
		HideSolutionNode = FALSE
	EndGlobalSection
EndGlobal
